Microsoft Visual Studio Solution File, Format Version 12.00
# Visual Studio 2012
Project("{FAE04EC0-301F-11D3-BF4B-00C04F79EFBC}") = "Uplink2", "Uplink2.csproj", "{82429833-310B-41C1-84CD-DE9F58577632}"
EndProject
Project("{FAE04EC0-301F-11D3-BF4B-00C04F79EFBC}") = "Uplink2.Tests", "tests\Uplink2.Tests\Uplink2.Tests.csproj", "{3C6B3080-7B78-4EB7-B420-D32A652C27CF}"
EndProject
Global
	GlobalSection(SolutionConfigurationPlatforms) = preSolution
		Debug|Any CPU = Debug|Any CPU
		ExportDebug|Any CPU = ExportDebug|Any CPU
		ExportRelease|Any CPU = ExportRelease|Any CPU
	EndGlobalSection
	GlobalSection(ProjectConfigurationPlatforms) = postSolution
		{82429833-310B-41C1-84CD-DE9F58577632}.Debug|Any CPU.ActiveCfg = Debug|Any CPU
		{82429833-310B-41C1-84CD-DE9F58577632}.Debug|Any CPU.Build.0 = Debug|Any CPU
		{82429833-310B-41C1-84CD-DE9F58577632}.ExportDebug|Any CPU.ActiveCfg = ExportDebug|Any CPU
		{82429833-310B-41C1-84CD-DE9F58577632}.ExportDebug|Any CPU.Build.0 = ExportDebug|Any CPU
		{82429833-310B-41C1-84CD-DE9F58577632}.ExportRelease|Any CPU.ActiveCfg = ExportRelease|Any CPU
		{82429833-310B-41C1-84CD-DE9F58577632}.ExportRelease|Any CPU.Build.0 = ExportRelease|Any CPU
		{3C6B3080-7B78-4EB7-B420-D32A652C27CF}.Debug|Any CPU.ActiveCfg = Debug|Any CPU
		{3C6B3080-7B78-4EB7-B420-D32A652C27CF}.Debug|Any CPU.Build.0 = Debug|Any CPU
		{3C6B3080-7B78-4EB7-B420-D32A652C27CF}.ExportDebug|Any CPU.ActiveCfg = Debug|Any CPU
		{3C6B3080-7B78-4EB7-B420-D32A652C27CF}.ExportDebug|Any CPU.Build.0 = Debug|Any CPU
		{3C6B3080-7B78-4EB7-B420-D32A652C27CF}.ExportRelease|Any CPU.ActiveCfg = Debug|Any CPU
		{3C6B3080-7B78-4EB7-B420-D32A652C27CF}.ExportRelease|Any CPU.Build.0 = Debug|Any CPU
	EndGlobalSection
EndGlobal
